
Microsoft Visual Studio Solution File, Format Version 12.00
# Visual Studio Version 17
VisualStudioVersion = 17.13.35828.75
MinimumVisualStudioVersion = 10.0.40219.1
Project("{FAE04EC0-301F-11D3-BF4B-00C04F79EFBC}") = "Black.Beard.Policy.XUnit", "Black.Beard.Policy.XUnit\Black.Beard.Policy.XUnit.csproj", "{243C2C81-E38A-440E-B113-A6D6CE3B0B5E}"
EndProject
Project("{2150E333-8FDC-42A3-9474-1A3956D46DE8}") = "Éléments de solution", "Éléments de solution", "{9C8CB701-102D-CF49-A3E0-89AC09D42C2C}"
	ProjectSection(SolutionItems) = preProject
		..\custom-instructions.md = ..\custom-instructions.md
		..\Install_keycloak.md = ..\Install_keycloak.md
		..\README.md = ..\README.md
		..\syntax.md = ..\syntax.md
	EndProjectSection
EndProject
Project("{FAE04EC0-301F-11D3-BF4B-00C04F79EFBC}") = "Black.Beard.Policy.Web", "Black.Beard.Policy.Web\Black.Beard.Policy.Web.csproj", "{A1BB94A0-9B8F-43E9-B930-12C799917350}"
EndProject
Project("{FAE04EC0-301F-11D3-BF4B-00C04F79EFBC}") = "Black.Beard.Keycloak", "Black.Beard.Keycloak\Black.Beard.Keycloak.csproj", "{EB7BDF8B-3CD0-44DD-BA63-C56E3FC5A984}"
EndProject
Project("{FAE04EC0-301F-11D3-BF4B-00C04F79EFBC}") = "ServiceDefaults", "KeycloakAspireStarter1\ServiceDefaults\ServiceDefaults.csproj", "{B1B55F20-DEA6-41B7-A2B9-5BDC0CED4772}"
EndProject
Project("{FAE04EC0-301F-11D3-BF4B-00C04F79EFBC}") = "Black.Beard.Policies", "Black.Beard.Policies\Black.Beard.Policies.csproj", "{8A8DBB65-5975-0058-13CF-E46E5039ECC5}"
EndProject
Project("{FAE04EC0-301F-11D3-BF4B-00C04F79EFBC}") = "Black.Beard.Adfs", "Black.Beard.Adfs\Black.Beard.Adfs.csproj", "{C9D225B5-4A86-57F8-5D84-658B281462A7}"
EndProject
Global
	GlobalSection(SolutionConfigurationPlatforms) = preSolution
		Debug|Any CPU = Debug|Any CPU
		Release|Any CPU = Release|Any CPU
	EndGlobalSection
	GlobalSection(ProjectConfigurationPlatforms) = postSolution
		{243C2C81-E38A-440E-B113-A6D6CE3B0B5E}.Debug|Any CPU.ActiveCfg = Debug|Any CPU
		{243C2C81-E38A-440E-B113-A6D6CE3B0B5E}.Debug|Any CPU.Build.0 = Debug|Any CPU
		{243C2C81-E38A-440E-B113-A6D6CE3B0B5E}.Release|Any CPU.ActiveCfg = Release|Any CPU
		{243C2C81-E38A-440E-B113-A6D6CE3B0B5E}.Release|Any CPU.Build.0 = Release|Any CPU
		{A1BB94A0-9B8F-43E9-B930-12C799917350}.Debug|Any CPU.ActiveCfg = Debug|Any CPU
		{A1BB94A0-9B8F-43E9-B930-12C799917350}.Debug|Any CPU.Build.0 = Debug|Any CPU
		{A1BB94A0-9B8F-43E9-B930-12C799917350}.Release|Any CPU.ActiveCfg = Release|Any CPU
		{A1BB94A0-9B8F-43E9-B930-12C799917350}.Release|Any CPU.Build.0 = Release|Any CPU
		{EB7BDF8B-3CD0-44DD-BA63-C56E3FC5A984}.Debug|Any CPU.ActiveCfg = Debug|Any CPU
		{EB7BDF8B-3CD0-44DD-BA63-C56E3FC5A984}.Debug|Any CPU.Build.0 = Debug|Any CPU
		{EB7BDF8B-3CD0-44DD-BA63-C56E3FC5A984}.Release|Any CPU.ActiveCfg = Release|Any CPU
		{EB7BDF8B-3CD0-44DD-BA63-C56E3FC5A984}.Release|Any CPU.Build.0 = Release|Any CPU
		{B1B55F20-DEA6-41B7-A2B9-5BDC0CED4772}.Debug|Any CPU.ActiveCfg = Debug|Any CPU
		{B1B55F20-DEA6-41B7-A2B9-5BDC0CED4772}.Debug|Any CPU.Build.0 = Debug|Any CPU
		{B1B55F20-DEA6-41B7-A2B9-5BDC0CED4772}.Release|Any CPU.ActiveCfg = Release|Any CPU
		{B1B55F20-DEA6-41B7-A2B9-5BDC0CED4772}.Release|Any CPU.Build.0 = Release|Any CPU
		{8A8DBB65-5975-0058-13CF-E46E5039ECC5}.Debug|Any CPU.ActiveCfg = Debug|Any CPU
		{8A8DBB65-5975-0058-13CF-E46E5039ECC5}.Debug|Any CPU.Build.0 = Debug|Any CPU
		{8A8DBB65-5975-0058-13CF-E46E5039ECC5}.Release|Any CPU.ActiveCfg = Release|Any CPU
		{8A8DBB65-5975-0058-13CF-E46E5039ECC5}.Release|Any CPU.Build.0 = Release|Any CPU
		{C9D225B5-4A86-57F8-5D84-658B281462A7}.Debug|Any CPU.ActiveCfg = Debug|Any CPU
		{C9D225B5-4A86-57F8-5D84-658B281462A7}.Debug|Any CPU.Build.0 = Debug|Any CPU
		{C9D225B5-4A86-57F8-5D84-658B281462A7}.Release|Any CPU.ActiveCfg = Release|Any CPU
		{C9D225B5-4A86-57F8-5D84-658B281462A7}.Release|Any CPU.Build.0 = Release|Any CPU
	EndGlobalSection
	GlobalSection(SolutionProperties) = preSolution
		HideSolutionNode = FALSE
	EndGlobalSection
	GlobalSection(ExtensibilityGlobals) = postSolution
		SolutionGuid = {BD019719-E87D-4D5D-A65A-63342AB22811}
	EndGlobalSection
EndGlobal
